{
  "version": "3",
  "packages": {
    "specifiers": {
      "npm:cron-time-generator@2": "npm:cron-time-generator@2.0.3",
      "npm:msnodesqlv8@4.2.1": "npm:msnodesqlv8@4.2.1"
    },
    "npm": {
      "base64-js@1.5.1": {
        "integrity": "sha512-AKpaYlHn8t4SVbOHCy+b5+KKgvR4vrsD8vbvrbiQJps7fKDTkjkDry6ji0rUJjC0kzbNePLwzxq8iypo41qeWA==",
        "dependencies": {}
      },
      "bl@4.1.0": {
        "integrity": "sha512-1W07cM9gS6DcLperZfFSj+bWLtaPGSOHWhPiGzXmvVJbRLdG82sH/Kn8EtW1VqWVA54AKf2h5k5BbnIbwF3h6w==",
        "dependencies": {
          "buffer": "buffer@5.7.1",
          "inherits": "inherits@2.0.4",
          "readable-stream": "readable-stream@3.6.2"
        }
      },
      "buffer@5.7.1": {
        "integrity": "sha512-EHcyIPBQ4BSGlvjB16k5KgAJ27CIsHY/2JBmCRReo48y9rQ3MaUzWX3KVlBa4U7MyX02HdVj0K7C3WaB3ju7FQ==",
        "dependencies": {
          "base64-js": "base64-js@1.5.1",
          "ieee754": "ieee754@1.2.1"
        }
      },
      "chownr@1.1.4": {
        "integrity": "sha512-jJ0bqzaylmJtVnNgzTeSOs8DPavpbYgEr/b0YL8/2GO3xJEhInFmhKMUnEJQjZumK7KXGFhUy89PrsJWlakBVg==",
        "dependencies": {}
      },
      "cron-time-generator@2.0.3": {
        "integrity": "sha512-02Ab5okFEMpcDernEwUXY16hLCryUxATAFGYyzyLymin0xl/udC50LkBFHX+qOeXnwXMRyK+uH4doXzUSpOoQA==",
        "dependencies": {}
      },
      "decompress-response@6.0.0": {
        "integrity": "sha512-aW35yZM6Bb/4oJlZncMH2LCoZtJXTRxES17vE3hoRiowU2kWHaJKFkSBDnDR+cm9J+9QhXmREyIfv0pji9ejCQ==",
        "dependencies": {
          "mimic-response": "mimic-response@3.1.0"
        }
      },
      "deep-extend@0.6.0": {
        "integrity": "sha512-LOHxIOaPYdHlJRtCQfDIVZtfw/ufM8+rVj649RIHzcm/vGwQRXFt6OPqIFWsm2XEMrNIEtWR64sY1LEKD2vAOA==",
        "dependencies": {}
      },
      "detect-libc@2.0.3": {
        "integrity": "sha512-bwy0MGW55bG41VqxxypOsdSdGqLwXPI/focwgTYCFMbdUiBAxLg9CFzG08sz2aqzknwiX7Hkl0bQENjg8iLByw==",
        "dependencies": {}
      },
      "end-of-stream@1.4.4": {
        "integrity": "sha512-+uw1inIHVPQoaVuHzRyXd21icM+cnt4CzD5rW+NC1wjOUSTOs+Te7FOv7AhN7vS9x/oIyhLP5PR1H+phQAHu5Q==",
        "dependencies": {
          "once": "once@1.4.0"
        }
      },
      "expand-template@2.0.3": {
        "integrity": "sha512-XYfuKMvj4O35f/pOXLObndIRvyQ+/+6AhODh+OKWj9S9498pHHn/IMszH+gt0fBCRWMNfk1ZSp5x3AifmnI2vg==",
        "dependencies": {}
      },
      "fs-constants@1.0.0": {
        "integrity": "sha512-y6OAwoSIf7FyjMIv94u+b5rdheZEjzR63GTyZJm5qh4Bi+2YgwLCcI/fPFZkL5PSixOt6ZNKm+w+Hfp/Bciwow==",
        "dependencies": {}
      },
      "github-from-package@0.0.0": {
        "integrity": "sha512-SyHy3T1v2NUXn29OsWdxmK6RwHD+vkj3v8en8AOBZ1wBQ/hCAQ5bAQTD02kW4W9tUp/3Qh6J8r9EvntiyCmOOw==",
        "dependencies": {}
      },
      "ieee754@1.2.1": {
        "integrity": "sha512-dcyqhDvX1C46lXZcVqCpK+FtMRQVdIMN6/Df5js2zouUsqG7I6sFxitIC+7KYK29KdXOLHdu9zL4sFnoVQnqaA==",
        "dependencies": {}
      },
      "inherits@2.0.4": {
        "integrity": "sha512-k/vGaX4/Yla3WzyMCvTQOXYeIHvqOKtnqBduzTHpzpQZzAskKMhZ2K+EnBiSM9zGSoIFeMpXKxa4dYeZIQqewQ==",
        "dependencies": {}
      },
      "ini@1.3.8": {
        "integrity": "sha512-JV/yugV2uzW5iMRSiZAyDtQd+nxtUnjeLt0acNdw98kKLrvuRVyB80tsREOE7yvGVgalhZ6RNXCmEHkUKBKxew==",
        "dependencies": {}
      },
      "mimic-response@3.1.0": {
        "integrity": "sha512-z0yWI+4FDrrweS8Zmt4Ej5HdJmky15+L2e6Wgn3+iK5fWzb6T3fhNFq2+MeTRb064c6Wr4N/wv0DzQTjNzHNGQ==",
        "dependencies": {}
      },
      "minimist@1.2.8": {
        "integrity": "sha512-2yyAR8qBkN3YuheJanUpWC5U3bb5osDywNB8RzDVlDwDHbocAJveqqj1u8+SVD7jkWT4yvsHCpWqqWqAxb0zCA==",
        "dependencies": {}
      },
      "mkdirp-classic@0.5.3": {
        "integrity": "sha512-gKLcREMhtuZRwRAfqP3RFW+TK4JqApVBtOIftVgjuABpAtpxhPGaDcfvbhNvD0B8iD1oUr/txX35NjcaY6Ns/A==",
        "dependencies": {}
      },
      "msnodesqlv8@4.2.1": {
        "integrity": "sha512-ezVHYnQnHEuNex3PcMslFxHHrJB7tyNqvh5IeMclfuE23lbxZ7NbbVuQUu6x2+eL82jTz5RKmlqPXQQXM74sjw==",
        "dependencies": {
          "nan": "nan@2.19.0",
          "node-abi": "node-abi@3.63.0",
          "prebuild-install": "prebuild-install@7.1.2"
        }
      },
      "nan@2.19.0": {
        "integrity": "sha512-nO1xXxfh/RWNxfd/XPfbIfFk5vgLsAxUR9y5O0cHMJu/AW9U95JLXqthYHjEp+8gQ5p96K9jUp8nbVOxCdRbtw==",
        "dependencies": {}
      },
      "napi-build-utils@1.0.2": {
        "integrity": "sha512-ONmRUqK7zj7DWX0D9ADe03wbwOBZxNAfF20PlGfCWQcD3+/MakShIHrMqx9YwPTfxDdF1zLeL+RGZiR9kGMLdg==",
        "dependencies": {}
      },
      "node-abi@3.63.0": {
        "integrity": "sha512-vAszCsOUrUxjGAmdnM/pq7gUgie0IRteCQMX6d4A534fQCR93EJU5qgzBvU6EkFfK27s0T3HEV3BOyJIr7OMYw==",
        "dependencies": {
          "semver": "semver@7.6.2"
        }
      },
      "once@1.4.0": {
        "integrity": "sha512-lNaJgI+2Q5URQBkccEKHTQOPaXdUxnZZElQTZY0MFUAuaEqe1E+Nyvgdz/aIyNi6Z9MzO5dv1H8n58/GELp3+w==",
        "dependencies": {
          "wrappy": "wrappy@1.0.2"
        }
      },
      "prebuild-install@7.1.2": {
        "integrity": "sha512-UnNke3IQb6sgarcZIDU3gbMeTp/9SSU1DAIkil7PrqG1vZlBtY5msYccSKSHDqa3hNg436IXK+SNImReuA1wEQ==",
        "dependencies": {
          "detect-libc": "detect-libc@2.0.3",
          "expand-template": "expand-template@2.0.3",
          "github-from-package": "github-from-package@0.0.0",
          "minimist": "minimist@1.2.8",
          "mkdirp-classic": "mkdirp-classic@0.5.3",
          "napi-build-utils": "napi-build-utils@1.0.2",
          "node-abi": "node-abi@3.63.0",
          "pump": "pump@3.0.0",
          "rc": "rc@1.2.8",
          "simple-get": "simple-get@4.0.1",
          "tar-fs": "tar-fs@2.1.1",
          "tunnel-agent": "tunnel-agent@0.6.0"
        }
      },
      "pump@3.0.0": {
        "integrity": "sha512-LwZy+p3SFs1Pytd/jYct4wpv49HiYCqd9Rlc5ZVdk0V+8Yzv6jR5Blk3TRmPL1ft69TxP0IMZGJ+WPFU2BFhww==",
        "dependencies": {
          "end-of-stream": "end-of-stream@1.4.4",
          "once": "once@1.4.0"
        }
      },
      "rc@1.2.8": {
        "integrity": "sha512-y3bGgqKj3QBdxLbLkomlohkvsA8gdAiUQlSBJnBhfn+BPxg4bc62d8TcBW15wavDfgexCgccckhcZvywyQYPOw==",
        "dependencies": {
          "deep-extend": "deep-extend@0.6.0",
          "ini": "ini@1.3.8",
          "minimist": "minimist@1.2.8",
          "strip-json-comments": "strip-json-comments@2.0.1"
        }
      },
      "readable-stream@3.6.2": {
        "integrity": "sha512-9u/sniCrY3D5WdsERHzHE4G2YCXqoG5FTHUiCC4SIbr6XcLZBY05ya9EKjYek9O5xOAwjGq+1JdGBAS7Q9ScoA==",
        "dependencies": {
          "inherits": "inherits@2.0.4",
          "string_decoder": "string_decoder@1.3.0",
          "util-deprecate": "util-deprecate@1.0.2"
        }
      },
      "safe-buffer@5.2.1": {
        "integrity": "sha512-rp3So07KcdmmKbGvgaNxQSJr7bGVSVk5S9Eq1F+ppbRo70+YeaDxkw5Dd8NPN+GD6bjnYm2VuPuCXmpuYvmCXQ==",
        "dependencies": {}
      },
      "semver@7.6.2": {
        "integrity": "sha512-FNAIBWCx9qcRhoHcgcJ0gvU7SN1lYU2ZXuSfl04bSC5OpvDHFyJCjdNHomPXxjQlCBU67YW64PzY7/VIEH7F2w==",
        "dependencies": {}
      },
      "simple-concat@1.0.1": {
        "integrity": "sha512-cSFtAPtRhljv69IK0hTVZQ+OfE9nePi/rtJmw5UjHeVyVroEqJXP1sFztKUy1qU+xvz3u/sfYJLa947b7nAN2Q==",
        "dependencies": {}
      },
      "simple-get@4.0.1": {
        "integrity": "sha512-brv7p5WgH0jmQJr1ZDDfKDOSeWWg+OVypG99A/5vYGPqJ6pxiaHLy8nxtFjBA7oMa01ebA9gfh1uMCFqOuXxvA==",
        "dependencies": {
          "decompress-response": "decompress-response@6.0.0",
          "once": "once@1.4.0",
          "simple-concat": "simple-concat@1.0.1"
        }
      },
      "string_decoder@1.3.0": {
        "integrity": "sha512-hkRX8U1WjJFd8LsDJ2yQ/wWWxaopEsABU1XfkM8A+j0+85JAGppt16cr1Whg6KIbb4okU6Mql6BOj+uup/wKeA==",
        "dependencies": {
          "safe-buffer": "safe-buffer@5.2.1"
        }
      },
      "strip-json-comments@2.0.1": {
        "integrity": "sha512-4gB8na07fecVVkOI6Rs4e7T6NOTki5EmL7TUduTs6bu3EdnSycntVJ4re8kgZA+wx9IueI2Y11bfbgwtzuE0KQ==",
        "dependencies": {}
      },
      "tar-fs@2.1.1": {
        "integrity": "sha512-V0r2Y9scmbDRLCNex/+hYzvp/zyYjvFbHPNgVTKfQvVrb6guiE/fxP+XblDNR011utopbkex2nM4dHNV6GDsng==",
        "dependencies": {
          "chownr": "chownr@1.1.4",
          "mkdirp-classic": "mkdirp-classic@0.5.3",
          "pump": "pump@3.0.0",
          "tar-stream": "tar-stream@2.2.0"
        }
      },
      "tar-stream@2.2.0": {
        "integrity": "sha512-ujeqbceABgwMZxEJnk2HDY2DlnUZ+9oEcb1KzTVfYHio0UE6dG71n60d8D2I4qNvleWrrXpmjpt7vZeF1LnMZQ==",
        "dependencies": {
          "bl": "bl@4.1.0",
          "end-of-stream": "end-of-stream@1.4.4",
          "fs-constants": "fs-constants@1.0.0",
          "inherits": "inherits@2.0.4",
          "readable-stream": "readable-stream@3.6.2"
        }
      },
      "tunnel-agent@0.6.0": {
        "integrity": "sha512-McnNiV1l8RYeY8tBgEpuodCC1mLUdbSN+CYBL7kJsJNInOP8UjDDEwdk6Mw60vdLLrr5NHKZhMAOSrR2NZuQ+w==",
        "dependencies": {
          "safe-buffer": "safe-buffer@5.2.1"
        }
      },
      "util-deprecate@1.0.2": {
        "integrity": "sha512-EPD5q1uXyFxJpCrLnCc1nHnq3gOa6DZBocAIiI2TaSCA7VCJ1UJDMagCzIkXNsUYfD1daK//LTEQ8xiIbrHtcw==",
        "dependencies": {}
      },
      "wrappy@1.0.2": {
        "integrity": "sha512-l4Sp/DRseor9wL6EvV2+TuQn63dMkPjZ/sp9XkghTEbV9KlPS1xUsZ3u7/IQO4wxtcFB4bgpQPRcR3QCvezPcQ==",
        "dependencies": {}
      }
    }
  },
  "redirects": {
    "https://deno.land/x/require/mod.ts": "https://deno.land/x/require@1.0.0/mod.ts"
  },
  "remote": {
    "https://deno.land/std@0.160.0/_util/assert.ts": "e94f2eb37cebd7f199952e242c77654e43333c1ac4c5c700e929ea3aa5489f74",
    "https://deno.land/std@0.160.0/_util/os.ts": "8a33345f74990e627b9dfe2de9b040004b08ea5146c7c9e8fe9a29070d193934",
    "https://deno.land/std@0.160.0/async/abortable.ts": "87aa7230be8360c24ad437212311c9e8d4328854baec27b4c7abb26e85515c06",
    "https://deno.land/std@0.160.0/async/deadline.ts": "48ac998d7564969f3e6ec6b6f9bf0217ebd00239b1b2292feba61272d5dd58d0",
    "https://deno.land/std@0.160.0/async/debounce.ts": "dc8b92d4a4fe7eac32c924f2b8d3e62112530db70cadce27042689d82970b350",
    "https://deno.land/std@0.160.0/async/deferred.ts": "d8fb253ffde2a056e4889ef7e90f3928f28be9f9294b6505773d33f136aab4e6",
    "https://deno.land/std@0.160.0/async/delay.ts": "0419dfc993752849692d1f9647edf13407c7facc3509b099381be99ffbc9d699",
    "https://deno.land/std@0.160.0/async/mod.ts": "dd0a8ed4f3984ffabe2fcca7c9f466b7932d57b1864ffee148a5d5388316db6b",
    "https://deno.land/std@0.160.0/async/mux_async_iterator.ts": "3447b28a2a582224a3d4d3596bccbba6e85040da3b97ed64012f7decce98d093",
    "https://deno.land/std@0.160.0/async/pool.ts": "ef9eb97b388543acbf0ac32647121e4dbe629236899586c4d4311a8770fbb239",
    "https://deno.land/std@0.160.0/async/tee.ts": "9af3a3e7612af75861308b52249e167f5ebc3dcfc8a1a4d45462d96606ee2b70",
    "https://deno.land/std@0.160.0/bytes/bytes_list.ts": "aba5e2369e77d426b10af1de0dcc4531acecec27f9b9056f4f7bfbf8ac147ab4",
    "https://deno.land/std@0.160.0/bytes/equals.ts": "3c3558c3ae85526f84510aa2b48ab2ad7bdd899e2e0f5b7a8ffc85acb3a6043a",
    "https://deno.land/std@0.160.0/bytes/mod.ts": "b2e342fd3669176a27a4e15061e9d588b89c1aaf5008ab71766e23669565d179",
    "https://deno.land/std@0.160.0/crypto/_fnv/fnv32.ts": "aa9bddead8c6345087d3abd4ef35fb9655622afc333fc41fff382b36e64280b5",
    "https://deno.land/std@0.160.0/crypto/_fnv/fnv64.ts": "625d7e7505b6cb2e9801b5fd6ed0a89256bac12b2bbb3e4664b85a88b0ec5bef",
    "https://deno.land/std@0.160.0/crypto/_fnv/index.ts": "a8f6a361b4c6d54e5e89c16098f99b6962a1dd6ad1307dbc97fa1ecac5d7060a",
    "https://deno.land/std@0.160.0/crypto/_fnv/util.ts": "4848313bed7f00f55be3cb080aa0583fc007812ba965b03e4009665bde614ce3",
    "https://deno.land/std@0.160.0/crypto/_wasm_crypto/lib/deno_std_wasm_crypto.generated.mjs": "258b484c2da27578bec61c01d4b62c21f72268d928d03c968c4eb590cb3bd830",
    "https://deno.land/std@0.160.0/crypto/_wasm_crypto/mod.ts": "6c60d332716147ded0eece0861780678d51b560f533b27db2e15c64a4ef83665",
    "https://deno.land/std@0.160.0/crypto/keystack.ts": "e481eed28007395e554a435e880fee83a5c73b9259ed8a135a75e4b1e4f381f7",
    "https://deno.land/std@0.160.0/crypto/mod.ts": "fadedc013b4a86fda6305f1adc6d1c02225834d53cff5d95cc05f62b25127517",
    "https://deno.land/std@0.160.0/crypto/timing_safe_equal.ts": "82a29b737bc8932d75d7a20c404136089d5d23629e94ba14efa98a8cc066c73e",
    "https://deno.land/std@0.160.0/datetime/formatter.ts": "7c8e6d16a0950f400aef41b9f1eb9168249869776ec520265dfda785d746589e",
    "https://deno.land/std@0.160.0/datetime/mod.ts": "ea927ca96dfb28c7b9a5eed5bdc7ac46bb9db38038c4922631895cea342fea87",
    "https://deno.land/std@0.160.0/datetime/tokenizer.ts": "7381e28f6ab51cb504c7e132be31773d73ef2f3e1e50a812736962b9df1e8c47",
    "https://deno.land/std@0.160.0/encoding/base64.ts": "c57868ca7fa2fbe919f57f88a623ad34e3d970d675bdc1ff3a9d02bba7409db2",
    "https://deno.land/std@0.160.0/encoding/base64url.ts": "a5f82a9fa703bd85a5eb8e7c1296bc6529e601ebd9642cc2b5eaa6b38fa9e05a",
    "https://deno.land/std@0.160.0/encoding/hex.ts": "4cc5324417cbb4ac9b828453d35aed45b9cc29506fad658f1f138d981ae33795",
    "https://deno.land/std@0.160.0/fmt/colors.ts": "9e36a716611dcd2e4865adea9c4bec916b5c60caad4cdcdc630d4974e6bb8bd4",
    "https://deno.land/std@0.160.0/io/buffer.ts": "fae02290f52301c4e0188670e730cd902f9307fb732d79c4aa14ebdc82497289",
    "https://deno.land/std@0.160.0/path/_constants.ts": "df1db3ffa6dd6d1252cc9617e5d72165cd2483df90e93833e13580687b6083c3",
    "https://deno.land/std@0.160.0/path/_interface.ts": "ee3b431a336b80cf445441109d089b70d87d5e248f4f90ff906820889ecf8d09",
    "https://deno.land/std@0.160.0/path/_util.ts": "d16be2a16e1204b65f9d0dfc54a9bc472cafe5f4a190b3c8471ec2016ccd1677",
    "https://deno.land/std@0.160.0/path/common.ts": "bee563630abd2d97f99d83c96c2fa0cca7cee103e8cb4e7699ec4d5db7bd2633",
    "https://deno.land/std@0.160.0/path/glob.ts": "cb5255638de1048973c3e69e420c77dc04f75755524cb3b2e160fe9277d939ee",
    "https://deno.land/std@0.160.0/path/mod.ts": "56fec03ad0ebd61b6ab39ddb9b0ddb4c4a5c9f2f4f632e09dd37ec9ebfd722ac",
    "https://deno.land/std@0.160.0/path/posix.ts": "6b63de7097e68c8663c84ccedc0fd977656eb134432d818ecd3a4e122638ac24",
    "https://deno.land/std@0.160.0/path/separator.ts": "fe1816cb765a8068afb3e8f13ad272351c85cbc739af56dacfc7d93d710fe0f9",
    "https://deno.land/std@0.160.0/path/win32.ts": "ee8826dce087d31c5c81cd414714e677eb68febc40308de87a2ce4b40e10fb8d",
    "https://deno.land/std@0.160.0/testing/_diff.ts": "a23e7fc2b4d8daa3e158fa06856bedf5334ce2a2831e8bf9e509717f455adb2c",
    "https://deno.land/std@0.160.0/testing/_format.ts": "cd11136e1797791045e639e9f0f4640d5b4166148796cad37e6ef75f7d7f3832",
    "https://deno.land/std@0.160.0/testing/asserts.ts": "1e340c589853e82e0807629ba31a43c84ebdcdeca910c4a9705715dfdb0f5ce8",
    "https://deno.land/std@0.224.0/dotenv/mod.ts": "0180eaeedaaf88647318811cdaa418cc64dc51fb08354f91f5f480d0a1309f7d",
    "https://deno.land/std@0.224.0/dotenv/parse.ts": "09977ff88dfd1f24f9973a338f0f91bbdb9307eb5ff6085446e7c423e4c7ba0c",
    "https://deno.land/std@0.224.0/dotenv/stringify.ts": "275da322c409170160440836342eaa7cf012a1d11a7e700d8ca4e7f2f8aa4615",
    "https://deno.land/std@0.65.0/_util/assert.ts": "e1f76e77c5ccb5a8e0dbbbe6cce3a56d2556c8cb5a9a8802fc9565af72462149",
    "https://deno.land/std@0.65.0/encoding/base64.ts": "79c67b8a9d911eff89cafd84749587a2851a7bb3bed4e952f6cf4c2ff97ae120",
    "https://deno.land/std@0.65.0/encoding/hex.ts": "8dc1489e66b22fec26950c7a55391b12be0d9f9a80cbc7b422700cdff85cd2f7",
    "https://deno.land/std@0.65.0/fs/eol.ts": "4a0b2a612e0639b76d9c5fab0392e7bf1a158a7dab191ff7b7564870a1173812",
    "https://deno.land/std@0.65.0/node/_fs/_fs_access.ts": "d046e9a895fc328810a5643afc7da464b3bf73de03f99cc7eccbb8b18b6054b2",
    "https://deno.land/std@0.65.0/node/_fs/_fs_appendFile.ts": "df642cf5e1aa337d40bd25eee5cab7537e3d87abad7c077122446839ca3149a0",
    "https://deno.land/std@0.65.0/node/_fs/_fs_chmod.ts": "6b1fcf91a62338a6d61e23ad7bfb6c63c7b1ffc48308649533171053d3020d0a",
    "https://deno.land/std@0.65.0/node/_fs/_fs_chown.ts": "4f2f232a661b7f9f8dd24fcdde703f95d4805dae6e863c81c7fc5b69aa5a4da3",
    "https://deno.land/std@0.65.0/node/_fs/_fs_close.ts": "4807cb08be55a20397d16dd3ca5d65b88c23eb43c87c09245dbe0c5d8d4f9b76",
    "https://deno.land/std@0.65.0/node/_fs/_fs_common.ts": "eb78014af1088eb32c779fe7db65f75914cc48a3d1ba27acb16c6e7f1242a002",
    "https://deno.land/std@0.65.0/node/_fs/_fs_constants.ts": "05b655b781fc26d24cd565574616a65f85443c19c3181f528352d1d75a2109a2",
    "https://deno.land/std@0.65.0/node/_fs/_fs_copy.ts": "9f5792e2d0401d88f9423772ef46082b5a7d0e04cbc0f681a8a5d755792b8552",
    "https://deno.land/std@0.65.0/node/_fs/_fs_exists.ts": "75ce94c6f0155b1b2860993eb3b5ba62c7852047512e5ad30c2c7314cf51bfe9",
    "https://deno.land/std@0.65.0/node/_fs/_fs_mkdir.ts": "d5b3462647bf82b8a5263f0957a447a6ef9aed67f7ec624b6dd146e68dcf215a",
    "https://deno.land/std@0.65.0/node/_fs/_fs_readFile.ts": "eea4f049b19c33b9fcdaf30c592401ad6b5ff375d3292ae41d4cf728934c8cea",
    "https://deno.land/std@0.65.0/node/_fs/_fs_readlink.ts": "04e58912d1126bd6b1457e23cbe4fcd0f571938b989521ba13273e622246e210",
    "https://deno.land/std@0.65.0/node/_fs/_fs_writeFile.ts": "f4d67147d95c49ac1a86556a0397f0e430c291e677bdfe73eab99b49465a795d",
    "https://deno.land/std@0.65.0/node/_fs/promises/_fs_readFile.ts": "505805c6b6241bfbc909f9ecb492102c2dc1a41b538eee1bb5662f94b32df92d",
    "https://deno.land/std@0.65.0/node/_fs/promises/_fs_writeFile.ts": "a59e65b1fb8f3d8acd204b07af0262432227ab053dcfbb315f5f33a05913465a",
    "https://deno.land/std@0.65.0/node/_fs/promises/mod.ts": "f935f5cf6f6d7ad675ebc4506ec65ddcefcd4ef16a4b0d9e4736d1bfed7ba788",
    "https://deno.land/std@0.65.0/node/_util/_util_callbackify.ts": "50f980fafc0b12172ba53b26036835f55dd3296b46556a227f8616b0682179e0",
    "https://deno.land/std@0.65.0/node/_util/_util_promisify.ts": "b7397979fc87577ff17cced44a9e0006f58c440476fc33f3ff1968e74ab8e91f",
    "https://deno.land/std@0.65.0/node/_util/_util_types.ts": "217a4c1055289f25d1dc9097638aeeb7662136d34e6f49df5f27038872dc8d6f",
    "https://deno.land/std@0.65.0/node/_utils.ts": "786b4f364609c8066dda897a9557d00c2a3a48e884ad734549c2ced692509d97",
    "https://deno.land/std@0.65.0/node/buffer.ts": "8ca99d16669100fba06d5dee340ecfb6ec19dd543020b35dcec29032039942e4",
    "https://deno.land/std@0.65.0/node/events.ts": "b9291714b6a51d2de17206f28943314672cc31ec3bc937b6045e8e731f3a8881",
    "https://deno.land/std@0.65.0/node/fs.ts": "ca9d3007acf0a3f9e9801cabf7e305802adaa826fdafb72da76d7ee198e4fc4e",
    "https://deno.land/std@0.65.0/node/global.ts": "4f8911ebf8e8d7560cace4d7ab5c8b8915a745c104cdb99b21de23d2f2c2caa1",
    "https://deno.land/std@0.65.0/node/module.ts": "07cc759feb6ea317bb6f015f1e0f30a0f18735c6051a2c585340310d4be5ab94",
    "https://deno.land/std@0.65.0/node/os.ts": "34ccd3f3da600bcd103d33fefcd9c4a126a4be0f4b482f4a1571589c6dea7907",
    "https://deno.land/std@0.65.0/node/path.ts": "67df5880a7a1ab81ecde10ad8ff177956c2603cc17bcd1aa67a255aad62f6a80",
    "https://deno.land/std@0.65.0/node/process.ts": "3445aa2f77c3d7cc03909c92ee7206941fde6003937b9d7629d6bd482825a500",
    "https://deno.land/std@0.65.0/node/querystring.ts": "3726a7eab1d65e644becc3e010d660561bd41e028d7c813c09a4dc4b047d4d8b",
    "https://deno.land/std@0.65.0/node/string_decoder.ts": "1f7772bd733de23ab991dab8a080056efa348743ac02708d6ad9b7336778124d",
    "https://deno.land/std@0.65.0/node/timers.ts": "3d7063ba3b0477c247573c20fe3efc8999a5cee555dbb2cc45cdb06320a907c2",
    "https://deno.land/std@0.65.0/node/url.ts": "7ce071b86e0fa16c37b355c06ba6eebf29eb244f4f32d710f5d1b319d353fd5e",
    "https://deno.land/std@0.65.0/node/util.ts": "29f01e94b3de70b3cbe3336460937037d65219c0d638881e73eb11b8e2541420",
    "https://deno.land/std@0.65.0/path/_constants.ts": "aba480c4a2c098b6374fdd5951fea13ecc8aaaf8b8aa4dae1871baa50243d676",
    "https://deno.land/std@0.65.0/path/_interface.ts": "5876f91d35fd42624893a4aaddaee352144e1f46e719f1dde6511bab7c3c1029",
    "https://deno.land/std@0.65.0/path/_util.ts": "f0fa012d40ae9b6acbef03908e534eb11e694de6470fb4d78ea4f38829e735ab",
    "https://deno.land/std@0.65.0/path/common.ts": "e4ec66a7416d56f60331b66e27a8a4f08c7b1cf48e350271cb69754a01cf5c04",
    "https://deno.land/std@0.65.0/path/glob.ts": "43cc45e8649a35a199c4106dfdf66206f46dfd8e2e626a746512c1a1376fde99",
    "https://deno.land/std@0.65.0/path/mod.ts": "6de8885c2534757097818e302becd1cefcbc4c28ac022cc279e612ee04e8cfd1",
    "https://deno.land/std@0.65.0/path/posix.ts": "1a6e53e1c90dde43750f38134ace0f6300f7330f5456b60d4979a4564fcf5f7a",
    "https://deno.land/std@0.65.0/path/separator.ts": "9dd15d46ff84a16e13554f56af7fee1f85f8d0f379efbbe60ac066a60561f036",
    "https://deno.land/std@0.65.0/path/win32.ts": "b530878b0f3f281c7f06fa73dc8e89a15106ab06e88ca1dea27394d09a1b0514",
    "https://deno.land/x/postgres@v0.17.0/client.ts": "348779c9f6a1c75ef1336db662faf08dce7d2101ff72f0d1e341ba1505c8431d",
    "https://deno.land/x/postgres@v0.17.0/client/error.ts": "0817583b666fd546664ed52c1d37beccc5a9eebcc6e3c2ead20ada99b681e5f7",
    "https://deno.land/x/postgres@v0.17.0/connection/auth.ts": "1070125e2ac4ca4ade36d69a4222d37001903092826d313217987583edd61ce9",
    "https://deno.land/x/postgres@v0.17.0/connection/connection.ts": "428ed3efa055870db505092b5d3545ef743497b7b4b72cf8f0593e7dd4788acd",
    "https://deno.land/x/postgres@v0.17.0/connection/connection_params.ts": "52bfe90e8860f584b95b1b08c254dde97c3aa763c4b6bee0c80c5930e35459e0",
    "https://deno.land/x/postgres@v0.17.0/connection/message.ts": "f9257948b7f87d58bfbfe3fc6e2e08f0de3ef885655904d56a5f73655cc22c5a",
    "https://deno.land/x/postgres@v0.17.0/connection/message_code.ts": "466719008b298770c366c5c63f6cf8285b7f76514dadb4b11e7d9756a8a1ddbf",
    "https://deno.land/x/postgres@v0.17.0/connection/packet.ts": "050aeff1fc13c9349e89451a155ffcd0b1343dc313a51f84439e3e45f64b56c8",
    "https://deno.land/x/postgres@v0.17.0/connection/scram.ts": "0c7a2551fe7b1a1c62dd856b7714731a7e7534ccca10093336782d1bfc5b2bd2",
    "https://deno.land/x/postgres@v0.17.0/deps.ts": "f47ccb41f7f97eaad455d94f407ef97146ae99443dbe782894422c869fbba69e",
    "https://deno.land/x/postgres@v0.17.0/mod.ts": "a1e18fd9e6fedc8bc24e5aeec3ae6de45e2274be1411fb66e9081420c5e81d7d",
    "https://deno.land/x/postgres@v0.17.0/pool.ts": "892db7b5e1787988babecc994a151ebbd7d017f080905cbe9c3d7b44a73032a9",
    "https://deno.land/x/postgres@v0.17.0/query/array_parser.ts": "f8a229d82c3801de8266fa2cc4afe12e94fef8d0c479e73655c86ed3667ef33f",
    "https://deno.land/x/postgres@v0.17.0/query/decode.ts": "44a4a6cbcf494ed91a4fecae38a57dce63a7b519166f02c702791d9717371419",
    "https://deno.land/x/postgres@v0.17.0/query/decoders.ts": "16cb0e60227d86692931e315421b15768c78526e3aeb84e25fcc4111096de9fd",
    "https://deno.land/x/postgres@v0.17.0/query/encode.ts": "5f1418a2932b7c2231556e4a5f5f56efef48728014070cfafe7656963f342933",
    "https://deno.land/x/postgres@v0.17.0/query/oid.ts": "8c33e1325f34e4ca9f11a48b8066c8cfcace5f64bc1eb17ad7247af4936999e1",
    "https://deno.land/x/postgres@v0.17.0/query/query.ts": "edb473cbcfeff2ee1c631272afb25d079d06b66b5853f42492725b03ffa742b6",
    "https://deno.land/x/postgres@v0.17.0/query/transaction.ts": "8e75c3ce0aca97da7fe126e68f8e6c08d640e5c8d2016e62cee5c254bebe7fe8",
    "https://deno.land/x/postgres@v0.17.0/utils/deferred.ts": "dd94f2a57355355c47812b061a51b55263f72d24e9cb3fdb474c7519f4d61083",
    "https://deno.land/x/postgres@v0.17.0/utils/utils.ts": "19c3527ddd5c6c4c49ae36397120274c7f41f9d3cbf479cb36065d23329e9f90",
    "https://deno.land/x/require@1.0.0/mod.ts": "94e69b8e8ced198901e71d31a96e88d88d990888179408a35d575db1169de911"
  }
}
